
Microsoft Visual Studio Solution File, Format Version 12.00
# Visual Studio 2012
Project("{FAE04EC0-301F-11D3-BF4B-00C04F79EFBC}") = "MvcAppIdentityClient", "MvcAppIdentityClient\MvcAppIdentityClient.csproj", "{03537532-58BA-4DF5-95C5-BF2F38EC6613}"
EndProject
Global
	GlobalSection(SolutionConfigurationPlatforms) = preSolution
		Debug|Any CPU = Debug|Any CPU
		Release|Any CPU = Release|Any CPU
	EndGlobalSection
	GlobalSection(ProjectConfigurationPlatforms) = postSolution
		{03537532-58BA-4DF5-95C5-BF2F38EC6613}.Debug|Any CPU.ActiveCfg = Debug|Any CPU
		{03537532-58BA-4DF5-95C5-BF2F38EC6613}.Debug|Any CPU.Build.0 = Debug|Any CPU
		{03537532-58BA-4DF5-95C5-BF2F38EC6613}.Release|Any CPU.ActiveCfg = Release|Any CPU
		{03537532-58BA-4DF5-95C5-BF2F38EC6613}.Release|Any CPU.Build.0 = Release|Any CPU
	EndGlobalSection
EndGlobal
